
Microsoft Visual Studio Solution File, Format Version 12.00
# Visual Studio Version 17
VisualStudioVersion = 17.13.35825.156 d17.13
MinimumVisualStudioVersion = 10.0.40219.1
Project("{FAE04EC0-301F-11D3-BF4B-00C04F79EFBC}") = "WebBlog", "WebBlog\WebBlog.csproj", "{AC402880-DD78-44E4-91DC-967FEA6C0EBA}"
EndProject
Global
	GlobalSection(SolutionConfigurationPlatforms) = preSolution
		Debug|Any CPU = Debug|Any CPU
		Release|Any CPU = Release|Any CPU
	EndGlobalSection
	GlobalSection(ProjectConfigurationPlatforms) = postSolution
		{AC402880-DD78-44E4-91DC-967FEA6C0EBA}.Debug|Any CPU.ActiveCfg = Debug|Any CPU
		{AC402880-DD78-44E4-91DC-967FEA6C0EBA}.Debug|Any CPU.Build.0 = Debug|Any CPU
		{AC402880-DD78-44E4-91DC-967FEA6C0EBA}.Release|Any CPU.ActiveCfg = Release|Any CPU
		{AC402880-DD78-44E4-91DC-967FEA6C0EBA}.Release|Any CPU.Build.0 = Release|Any CPU
	EndGlobalSection
	GlobalSection(SolutionProperties) = preSolution
		HideSolutionNode = FALSE
	EndGlobalSection
	GlobalSection(ExtensibilityGlobals) = postSolution
		SolutionGuid = {4BF6BC3C-00E1-4576-A73E-5DD0113E1754}
	EndGlobalSection
EndGlobal
